// !$*UTF8*$!
{
	archiveVersion = 1;
	classes = {
	};
	objectVersion = 56;
	objects = {

/* Begin PBXBuildFile section */
		105B2D0C2AFD1C8600256FCA /* ClassAndObject.cpp in Sources */ = {isa = PBXBuildFile; fileRef = 105B2D0A2AFD1C8600256FCA /* ClassAndObject.cpp */; };
		105B2D0F2AFD27BF00256FCA /* Person.cpp in Sources */ = {isa = PBXBuildFile; fileRef = 105B2D0D2AFD27BF00256FCA /* Person.cpp */; };
		105B2D122AFE637400256FCA /* CounterM.cpp in Sources */ = {isa = PBXBuildFile; fileRef = 105B2D102AFE637400256FCA /* CounterM.cpp */; };
		105B2D152AFE664600256FCA /* VecF.cpp in Sources */ = {isa = PBXBuildFile; fileRef = 105B2D132AFE664600256FCA /* VecF.cpp */; };
		105B2D182AFE6F2A00256FCA /* NamedObj.cpp in Sources */ = {isa = PBXBuildFile; fileRef = 105B2D162AFE6F2A00256FCA /* NamedObj.cpp */; };
		105B2D1B2AFF8F3E00256FCA /* CharStack.cpp in Sources */ = {isa = PBXBuildFile; fileRef = 105B2D192AFF8F3E00256FCA /* CharStack.cpp */; };
		105B2D1D2AFF92A100256FCA /* CSMain.cpp in Sources */ = {isa = PBXBuildFile; fileRef = 105B2D1C2AFF92A100256FCA /* CSMain.cpp */; };
		105B2D202AFF949700256FCA /* Complex1.cpp in Sources */ = {isa = PBXBuildFile; fileRef = 105B2D1E2AFF949700256FCA /* Complex1.cpp */; };
		105B2D222AFF96AB00256FCA /* C1Main.cpp in Sources */ = {isa = PBXBuildFile; fileRef = 105B2D212AFF96AB00256FCA /* C1Main.cpp */; };
		105B2D252B0258DA00256FCA /* Pencils.cpp in Sources */ = {isa = PBXBuildFile; fileRef = 105B2D232B0258DA00256FCA /* Pencils.cpp */; };
		105B2D272B025A9F00256FCA /* PnclMain.cpp in Sources */ = {isa = PBXBuildFile; fileRef = 105B2D262B025A9F00256FCA /* PnclMain.cpp */; };
		105B2D2A2B02792500256FCA /* SafeIntArray.cpp in Sources */ = {isa = PBXBuildFile; fileRef = 105B2D282B02792500256FCA /* SafeIntArray.cpp */; };
		105B2D2D2B027C3200256FCA /* MyString.cpp in Sources */ = {isa = PBXBuildFile; fileRef = 105B2D2B2B027C3200256FCA /* MyString.cpp */; };
		105B2D2F2B0280D000256FCA /* MSMain.cpp in Sources */ = {isa = PBXBuildFile; fileRef = 105B2D2E2B0280D000256FCA /* MSMain.cpp */; };
		105B2D372B0C6AB600256FCA /* Student1.cpp in Sources */ = {isa = PBXBuildFile; fileRef = 105B2D352B0C6AB600256FCA /* Student1.cpp */; };
		105B2D392B0C772100256FCA /* PArrMain.cpp in Sources */ = {isa = PBXBuildFile; fileRef = 105B2D382B0C772100256FCA /* PArrMain.cpp */; };
		105B2D3B2B0C78F700256FCA /* Sbinding.cpp in Sources */ = {isa = PBXBuildFile; fileRef = 105B2D3A2B0C78F700256FCA /* Sbinding.cpp */; };
		105B2D442B0C90DC00256FCA /* Circle.cpp in Sources */ = {isa = PBXBuildFile; fileRef = 105B2D422B0C90DC00256FCA /* Circle.cpp */; };
		105B2D472B0C91EA00256FCA /* Triangle.cpp in Sources */ = {isa = PBXBuildFile; fileRef = 105B2D452B0C91EA00256FCA /* Triangle.cpp */; };
		105B2D492B0C933100256FCA /* FigMain.cpp in Sources */ = {isa = PBXBuildFile; fileRef = 105B2D482B0C933100256FCA /* FigMain.cpp */; };
		105B2D542B0C96EC00256FCA /* MIMain.cpp in Sources */ = {isa = PBXBuildFile; fileRef = 105B2D532B0C96EC00256FCA /* MIMain.cpp */; };
		105B2D622B0C9BC100256FCA /* VBMain.cpp in Sources */ = {isa = PBXBuildFile; fileRef = 105B2D612B0C9BC100256FCA /* VBMain.cpp */; };
		105B2D652B0D729C00256FCA /* StackT.cpp in Sources */ = {isa = PBXBuildFile; fileRef = 105B2D632B0D729C00256FCA /* StackT.cpp */; };
		105B2D682B0D77B000256FCA /* SwapFunc.cpp in Sources */ = {isa = PBXBuildFile; fileRef = 105B2D662B0D77B000256FCA /* SwapFunc.cpp */; };
		105B2D6B2B0D78E900256FCA /* sortFT.cpp in Sources */ = {isa = PBXBuildFile; fileRef = 105B2D692B0D78E800256FCA /* sortFT.cpp */; };
		105B2D6E2B0D829700256FCA /* Vector1.cpp in Sources */ = {isa = PBXBuildFile; fileRef = 105B2D6C2B0D829700256FCA /* Vector1.cpp */; };
		105B2D702B0D8D2500256FCA /* Vector2.cpp in Sources */ = {isa = PBXBuildFile; fileRef = 105B2D6F2B0D8D2500256FCA /* Vector2.cpp */; };
		105B2D722B0D8EEC00256FCA /* Vector3.cpp in Sources */ = {isa = PBXBuildFile; fileRef = 105B2D712B0D8EEC00256FCA /* Vector3.cpp */; };
		105B2D742B0D946D00256FCA /* PBookMap.cpp in Sources */ = {isa = PBXBuildFile; fileRef = 105B2D732B0D946D00256FCA /* PBookMap.cpp */; };
/* End PBXBuildFile section */

/* Begin PBXCopyFilesBuildPhase section */
		105B2CFB2AFBADE100256FCA /* CopyFiles */ = {
			isa = PBXCopyFilesBuildPhase;
			buildActionMask = 2147483647;
			dstPath = /usr/share/man/man1/;
			dstSubfolderSpec = 0;
			files = (
			);
			runOnlyForDeploymentPostprocessing = 1;
		};
/* End PBXCopyFilesBuildPhase section */

/* Begin PBXFileReference section */
		105B2CFD2AFBADE100256FCA /* CppProgramming */ = {isa = PBXFileReference; explicitFileType = "compiled.mach-o.executable"; includeInIndex = 0; path = CppProgramming; sourceTree = BUILT_PRODUCTS_DIR; };
		105B2D002AFBADE100256FCA /* main.cpp */ = {isa = PBXFileReference; lastKnownFileType = sourcecode.cpp.cpp; path = main.cpp; sourceTree = "<group>"; };
		105B2D0A2AFD1C8600256FCA /* ClassAndObject.cpp */ = {isa = PBXFileReference; lastKnownFileType = sourcecode.cpp.cpp; path = ClassAndObject.cpp; sourceTree = "<group>"; };
		105B2D0B2AFD1C8600256FCA /* ClassAndObject.hpp */ = {isa = PBXFileReference; lastKnownFileType = sourcecode.cpp.h; path = ClassAndObject.hpp; sourceTree = "<group>"; };
		105B2D0D2AFD27BF00256FCA /* Person.cpp */ = {isa = PBXFileReference; lastKnownFileType = sourcecode.cpp.cpp; path = Person.cpp; sourceTree = "<group>"; };
		105B2D0E2AFD27BF00256FCA /* Person.hpp */ = {isa = PBXFileReference; lastKnownFileType = sourcecode.cpp.h; path = Person.hpp; sourceTree = "<group>"; };
		105B2D102AFE637400256FCA /* CounterM.cpp */ = {isa = PBXFileReference; lastKnownFileType = sourcecode.cpp.cpp; path = CounterM.cpp; sourceTree = "<group>"; };
		105B2D112AFE637400256FCA /* CounterM.hpp */ = {isa = PBXFileReference; lastKnownFileType = sourcecode.cpp.h; path = CounterM.hpp; sourceTree = "<group>"; };
		105B2D132AFE664600256FCA /* VecF.cpp */ = {isa = PBXFileReference; lastKnownFileType = sourcecode.cpp.cpp; path = VecF.cpp; sourceTree = "<group>"; };
		105B2D142AFE664600256FCA /* VecF.hpp */ = {isa = PBXFileReference; lastKnownFileType = sourcecode.cpp.h; path = VecF.hpp; sourceTree = "<group>"; };
		105B2D162AFE6F2A00256FCA /* NamedObj.cpp */ = {isa = PBXFileReference; lastKnownFileType = sourcecode.cpp.cpp; path = NamedObj.cpp; sourceTree = "<group>"; };
		105B2D172AFE6F2A00256FCA /* NamedObj.hpp */ = {isa = PBXFileReference; lastKnownFileType = sourcecode.cpp.h; path = NamedObj.hpp; sourceTree = "<group>"; };
		105B2D192AFF8F3E00256FCA /* CharStack.cpp */ = {isa = PBXFileReference; lastKnownFileType = sourcecode.cpp.cpp; path = CharStack.cpp; sourceTree = "<group>"; };
		105B2D1A2AFF8F3E00256FCA /* CharStack.hpp */ = {isa = PBXFileReference; lastKnownFileType = sourcecode.cpp.h; path = CharStack.hpp; sourceTree = "<group>"; };
		105B2D1C2AFF92A100256FCA /* CSMain.cpp */ = {isa = PBXFileReference; lastKnownFileType = sourcecode.cpp.cpp; path = CSMain.cpp; sourceTree = "<group>"; };
		105B2D1E2AFF949700256FCA /* Complex1.cpp */ = {isa = PBXFileReference; lastKnownFileType = sourcecode.cpp.cpp; path = Complex1.cpp; sourceTree = "<group>"; };
		105B2D1F2AFF949700256FCA /* Complex1.hpp */ = {isa = PBXFileReference; lastKnownFileType = sourcecode.cpp.h; path = Complex1.hpp; sourceTree = "<group>"; };
		105B2D212AFF96AB00256FCA /* C1Main.cpp */ = {isa = PBXFileReference; lastKnownFileType = sourcecode.cpp.cpp; path = C1Main.cpp; sourceTree = "<group>"; };
		105B2D232B0258DA00256FCA /* Pencils.cpp */ = {isa = PBXFileReference; lastKnownFileType = sourcecode.cpp.cpp; path = Pencils.cpp; sourceTree = "<group>"; };
		105B2D242B0258DA00256FCA /* Pencils.hpp */ = {isa = PBXFileReference; lastKnownFileType = sourcecode.cpp.h; path = Pencils.hpp; sourceTree = "<group>"; };
		105B2D262B025A9F00256FCA /* PnclMain.cpp */ = {isa = PBXFileReference; lastKnownFileType = sourcecode.cpp.cpp; path = PnclMain.cpp; sourceTree = "<group>"; };
		105B2D282B02792500256FCA /* SafeIntArray.cpp */ = {isa = PBXFileReference; lastKnownFileType = sourcecode.cpp.cpp; path = SafeIntArray.cpp; sourceTree = "<group>"; };
		105B2D292B02792500256FCA /* SafeIntArray.hpp */ = {isa = PBXFileReference; lastKnownFileType = sourcecode.cpp.h; path = SafeIntArray.hpp; sourceTree = "<group>"; };
		105B2D2B2B027C3200256FCA /* MyString.cpp */ = {isa = PBXFileReference; lastKnownFileType = sourcecode.cpp.cpp; path = MyString.cpp; sourceTree = "<group>"; };
		105B2D2C2B027C3200256FCA /* MyString.hpp */ = {isa = PBXFileReference; lastKnownFileType = sourcecode.cpp.h; path = MyString.hpp; sourceTree = "<group>"; };
		105B2D2E2B0280D000256FCA /* MSMain.cpp */ = {isa = PBXFileReference; lastKnownFileType = sourcecode.cpp.cpp; path = MSMain.cpp; sourceTree = "<group>"; };
		105B2D332B0C6A5600256FCA /* Person1.hpp */ = {isa = PBXFileReference; lastKnownFileType = sourcecode.cpp.h; path = Person1.hpp; sourceTree = "<group>"; };
		105B2D352B0C6AB600256FCA /* Student1.cpp */ = {isa = PBXFileReference; lastKnownFileType = sourcecode.cpp.cpp; path = Student1.cpp; sourceTree = "<group>"; };
		105B2D362B0C6AB600256FCA /* Student1.hpp */ = {isa = PBXFileReference; lastKnownFileType = sourcecode.cpp.h; path = Student1.hpp; sourceTree = "<group>"; };
		105B2D382B0C772100256FCA /* PArrMain.cpp */ = {isa = PBXFileReference; lastKnownFileType = sourcecode.cpp.cpp; path = PArrMain.cpp; sourceTree = "<group>"; };
		105B2D3A2B0C78F700256FCA /* Sbinding.cpp */ = {isa = PBXFileReference; lastKnownFileType = sourcecode.cpp.cpp; path = Sbinding.cpp; sourceTree = "<group>"; };
		105B2D3D2B0C8E8000256FCA /* GrAttrib.hpp */ = {isa = PBXFileReference; lastKnownFileType = sourcecode.cpp.h; path = GrAttrib.hpp; sourceTree = "<group>"; };
		105B2D402B0C8FA600256FCA /* Figure.hpp */ = {isa = PBXFileReference; lastKnownFileType = sourcecode.cpp.h; path = Figure.hpp; sourceTree = "<group>"; };
		105B2D422B0C90DC00256FCA /* Circle.cpp */ = {isa = PBXFileReference; lastKnownFileType = sourcecode.cpp.cpp; path = Circle.cpp; sourceTree = "<group>"; };
		105B2D432B0C90DC00256FCA /* Circle.hpp */ = {isa = PBXFileReference; lastKnownFileType = sourcecode.cpp.h; path = Circle.hpp; sourceTree = "<group>"; };
		105B2D452B0C91EA00256FCA /* Triangle.cpp */ = {isa = PBXFileReference; lastKnownFileType = sourcecode.cpp.cpp; path = Triangle.cpp; sourceTree = "<group>"; };
		105B2D462B0C91EA00256FCA /* Triangle.hpp */ = {isa = PBXFileReference; lastKnownFileType = sourcecode.cpp.h; path = Triangle.hpp; sourceTree = "<group>"; };
		105B2D482B0C933100256FCA /* FigMain.cpp */ = {isa = PBXFileReference; lastKnownFileType = sourcecode.cpp.cpp; path = FigMain.cpp; sourceTree = "<group>"; };
		105B2D4B2B0C95F500256FCA /* MIStudent.hpp */ = {isa = PBXFileReference; lastKnownFileType = sourcecode.cpp.h; path = MIStudent.hpp; sourceTree = "<group>"; };
		105B2D4E2B0C964D00256FCA /* MIEmployee.hpp */ = {isa = PBXFileReference; lastKnownFileType = sourcecode.cpp.h; path = MIEmployee.hpp; sourceTree = "<group>"; };
		105B2D512B0C969500256FCA /* MIParttime.hpp */ = {isa = PBXFileReference; lastKnownFileType = sourcecode.cpp.h; path = MIParttime.hpp; sourceTree = "<group>"; };
		105B2D532B0C96EC00256FCA /* MIMain.cpp */ = {isa = PBXFileReference; lastKnownFileType = sourcecode.cpp.cpp; path = MIMain.cpp; sourceTree = "<group>"; };
		105B2D562B0C9A1900256FCA /* VBPerson.hpp */ = {isa = PBXFileReference; lastKnownFileType = sourcecode.cpp.h; path = VBPerson.hpp; sourceTree = "<group>"; };
		105B2D592B0C9A6E00256FCA /* VBStudent.hpp */ = {isa = PBXFileReference; lastKnownFileType = sourcecode.cpp.h; path = VBStudent.hpp; sourceTree = "<group>"; };
		105B2D5C2B0C9ADA00256FCA /* VBSParttime.hpp */ = {isa = PBXFileReference; lastKnownFileType = sourcecode.cpp.h; path = VBSParttime.hpp; sourceTree = "<group>"; };
		105B2D5F2B0C9AE900256FCA /* VBEmployee.hpp */ = {isa = PBXFileReference; lastKnownFileType = sourcecode.cpp.h; path = VBEmployee.hpp; sourceTree = "<group>"; };
		105B2D612B0C9BC100256FCA /* VBMain.cpp */ = {isa = PBXFileReference; lastKnownFileType = sourcecode.cpp.cpp; path = VBMain.cpp; sourceTree = "<group>"; };
		105B2D632B0D729C00256FCA /* StackT.cpp */ = {isa = PBXFileReference; lastKnownFileType = sourcecode.cpp.cpp; path = StackT.cpp; sourceTree = "<group>"; };
		105B2D642B0D729C00256FCA /* StackT.hpp */ = {isa = PBXFileReference; lastKnownFileType = sourcecode.cpp.h; path = StackT.hpp; sourceTree = "<group>"; };
		105B2D662B0D77B000256FCA /* SwapFunc.cpp */ = {isa = PBXFileReference; lastKnownFileType = sourcecode.cpp.cpp; path = SwapFunc.cpp; sourceTree = "<group>"; };
		105B2D672B0D77B000256FCA /* SwapFunc.hpp */ = {isa = PBXFileReference; lastKnownFileType = sourcecode.cpp.h; path = SwapFunc.hpp; sourceTree = "<group>"; };
		105B2D692B0D78E800256FCA /* sortFT.cpp */ = {isa = PBXFileReference; lastKnownFileType = sourcecode.cpp.cpp; path = sortFT.cpp; sourceTree = "<group>"; };
		105B2D6A2B0D78E800256FCA /* sortFT.hpp */ = {isa = PBXFileReference; lastKnownFileType = sourcecode.cpp.h; path = sortFT.hpp; sourceTree = "<group>"; };
		105B2D6C2B0D829700256FCA /* Vector1.cpp */ = {isa = PBXFileReference; lastKnownFileType = sourcecode.cpp.cpp; path = Vector1.cpp; sourceTree = "<group>"; };
		105B2D6F2B0D8D2500256FCA /* Vector2.cpp */ = {isa = PBXFileReference; lastKnownFileType = sourcecode.cpp.cpp; path = Vector2.cpp; sourceTree = "<group>"; };
		105B2D712B0D8EEC00256FCA /* Vector3.cpp */ = {isa = PBXFileReference; lastKnownFileType = sourcecode.cpp.cpp; path = Vector3.cpp; sourceTree = "<group>"; };
		105B2D732B0D946D00256FCA /* PBookMap.cpp */ = {isa = PBXFileReference; lastKnownFileType = sourcecode.cpp.cpp; path = PBookMap.cpp; sourceTree = "<group>"; };
/* End PBXFileReference section */

/* Begin PBXFrameworksBuildPhase section */
		105B2CFA2AFBADE100256FCA /* Frameworks */ = {
			isa = PBXFrameworksBuildPhase;
			buildActionMask = 2147483647;
			files = (
			);
			runOnlyForDeploymentPostprocessing = 0;
		};
/* End PBXFrameworksBuildPhase section */

/* Begin PBXGroup section */
		105B2CF42AFBADE100256FCA = {
			isa = PBXGroup;
			children = (
				105B2CFF2AFBADE100256FCA /* CppProgramming */,
				105B2CFE2AFBADE100256FCA /* Products */,
			);
			sourceTree = "<group>";
		};
		105B2CFE2AFBADE100256FCA /* Products */ = {
			isa = PBXGroup;
			children = (
				105B2CFD2AFBADE100256FCA /* CppProgramming */,
			);
			name = Products;
			sourceTree = "<group>";
		};
		105B2CFF2AFBADE100256FCA /* CppProgramming */ = {
			isa = PBXGroup;
			children = (
				105B2D002AFBADE100256FCA /* main.cpp */,
				105B2D0A2AFD1C8600256FCA /* ClassAndObject.cpp */,
				105B2D0B2AFD1C8600256FCA /* ClassAndObject.hpp */,
				105B2D0D2AFD27BF00256FCA /* Person.cpp */,
				105B2D0E2AFD27BF00256FCA /* Person.hpp */,
				105B2D102AFE637400256FCA /* CounterM.cpp */,
				105B2D112AFE637400256FCA /* CounterM.hpp */,
				105B2D132AFE664600256FCA /* VecF.cpp */,
				105B2D142AFE664600256FCA /* VecF.hpp */,
				105B2D162AFE6F2A00256FCA /* NamedObj.cpp */,
				105B2D172AFE6F2A00256FCA /* NamedObj.hpp */,
				105B2D192AFF8F3E00256FCA /* CharStack.cpp */,
				105B2D1A2AFF8F3E00256FCA /* CharStack.hpp */,
				105B2D1C2AFF92A100256FCA /* CSMain.cpp */,
				105B2D1E2AFF949700256FCA /* Complex1.cpp */,
				105B2D1F2AFF949700256FCA /* Complex1.hpp */,
				105B2D212AFF96AB00256FCA /* C1Main.cpp */,
				105B2D232B0258DA00256FCA /* Pencils.cpp */,
				105B2D262B025A9F00256FCA /* PnclMain.cpp */,
				105B2D242B0258DA00256FCA /* Pencils.hpp */,
				105B2D282B02792500256FCA /* SafeIntArray.cpp */,
				105B2D292B02792500256FCA /* SafeIntArray.hpp */,
				105B2D2B2B027C3200256FCA /* MyString.cpp */,
				105B2D2E2B0280D000256FCA /* MSMain.cpp */,
				105B2D2C2B027C3200256FCA /* MyString.hpp */,
				105B2D332B0C6A5600256FCA /* Person1.hpp */,
				105B2D352B0C6AB600256FCA /* Student1.cpp */,
				105B2D362B0C6AB600256FCA /* Student1.hpp */,
				105B2D382B0C772100256FCA /* PArrMain.cpp */,
				105B2D3A2B0C78F700256FCA /* Sbinding.cpp */,
				105B2D3D2B0C8E8000256FCA /* GrAttrib.hpp */,
				105B2D402B0C8FA600256FCA /* Figure.hpp */,
				105B2D422B0C90DC00256FCA /* Circle.cpp */,
				105B2D432B0C90DC00256FCA /* Circle.hpp */,
				105B2D452B0C91EA00256FCA /* Triangle.cpp */,
				105B2D462B0C91EA00256FCA /* Triangle.hpp */,
				105B2D482B0C933100256FCA /* FigMain.cpp */,
				105B2D4B2B0C95F500256FCA /* MIStudent.hpp */,
				105B2D4E2B0C964D00256FCA /* MIEmployee.hpp */,
				105B2D512B0C969500256FCA /* MIParttime.hpp */,
				105B2D532B0C96EC00256FCA /* MIMain.cpp */,
				105B2D562B0C9A1900256FCA /* VBPerson.hpp */,
				105B2D592B0C9A6E00256FCA /* VBStudent.hpp */,
				105B2D5F2B0C9AE900256FCA /* VBEmployee.hpp */,
				105B2D5C2B0C9ADA00256FCA /* VBSParttime.hpp */,
				105B2D612B0C9BC100256FCA /* VBMain.cpp */,
				105B2D632B0D729C00256FCA /* StackT.cpp */,
				105B2D642B0D729C00256FCA /* StackT.hpp */,
				105B2D662B0D77B000256FCA /* SwapFunc.cpp */,
				105B2D672B0D77B000256FCA /* SwapFunc.hpp */,
				105B2D692B0D78E800256FCA /* sortFT.cpp */,
				105B2D6A2B0D78E800256FCA /* sortFT.hpp */,
				105B2D6C2B0D829700256FCA /* Vector1.cpp */,
				105B2D6F2B0D8D2500256FCA /* Vector2.cpp */,
				105B2D712B0D8EEC00256FCA /* Vector3.cpp */,
				105B2D732B0D946D00256FCA /* PBookMap.cpp */,
			);
			path = CppProgramming;
			sourceTree = "<group>";
		};
/* End PBXGroup section */

/* Begin PBXNativeTarget section */
		105B2CFC2AFBADE100256FCA /* CppProgramming */ = {
			isa = PBXNativeTarget;
			buildConfigurationList = 105B2D042AFBADE100256FCA /* Build configuration list for PBXNativeTarget "CppProgramming" */;
			buildPhases = (
				105B2CF92AFBADE100256FCA /* Sources */,
				105B2CFA2AFBADE100256FCA /* Frameworks */,
				105B2CFB2AFBADE100256FCA /* CopyFiles */,
			);
			buildRules = (
			);
			dependencies = (
			);
			name = CppProgramming;
			productName = CppProgramming;
			productReference = 105B2CFD2AFBADE100256FCA /* CppProgramming */;
			productType = "com.apple.product-type.tool";
		};
/* End PBXNativeTarget section */

/* Begin PBXProject section */
		105B2CF52AFBADE100256FCA /* Project object */ = {
			isa = PBXProject;
			attributes = {
				BuildIndependentTargetsInParallel = 1;
				LastUpgradeCheck = 1420;
				TargetAttributes = {
					105B2CFC2AFBADE100256FCA = {
						CreatedOnToolsVersion = 14.2;
					};
				};
			};
			buildConfigurationList = 105B2CF82AFBADE100256FCA /* Build configuration list for PBXProject "CppProgramming" */;
			compatibilityVersion = "Xcode 14.0";
			developmentRegion = en;
			hasScannedForEncodings = 0;
			knownRegions = (
				en,
				Base,
			);
			mainGroup = 105B2CF42AFBADE100256FCA;
			productRefGroup = 105B2CFE2AFBADE100256FCA /* Products */;
			projectDirPath = "";
			projectRoot = "";
			targets = (
				105B2CFC2AFBADE100256FCA /* CppProgramming */,
			);
		};
/* End PBXProject section */

/* Begin PBXSourcesBuildPhase section */
		105B2CF92AFBADE100256FCA /* Sources */ = {
			isa = PBXSourcesBuildPhase;
			buildActionMask = 2147483647;
			files = (
				105B2D252B0258DA00256FCA /* Pencils.cpp in Sources */,
				105B2D0F2AFD27BF00256FCA /* Person.cpp in Sources */,
				105B2D2A2B02792500256FCA /* SafeIntArray.cpp in Sources */,
				105B2D1D2AFF92A100256FCA /* CSMain.cpp in Sources */,
				105B2D472B0C91EA00256FCA /* Triangle.cpp in Sources */,
				105B2D2F2B0280D000256FCA /* MSMain.cpp in Sources */,
				105B2D492B0C933100256FCA /* FigMain.cpp in Sources */,
				105B2D702B0D8D2500256FCA /* Vector2.cpp in Sources */,
				105B2D372B0C6AB600256FCA /* Student1.cpp in Sources */,
				105B2D442B0C90DC00256FCA /* Circle.cpp in Sources */,
				105B2D182AFE6F2A00256FCA /* NamedObj.cpp in Sources */,
				105B2D1B2AFF8F3E00256FCA /* CharStack.cpp in Sources */,
				105B2D652B0D729C00256FCA /* StackT.cpp in Sources */,
				105B2D152AFE664600256FCA /* VecF.cpp in Sources */,
				105B2D392B0C772100256FCA /* PArrMain.cpp in Sources */,
				105B2D222AFF96AB00256FCA /* C1Main.cpp in Sources */,
				105B2D6B2B0D78E900256FCA /* sortFT.cpp in Sources */,
				105B2D542B0C96EC00256FCA /* MIMain.cpp in Sources */,
				105B2D722B0D8EEC00256FCA /* Vector3.cpp in Sources */,
				105B2D622B0C9BC100256FCA /* VBMain.cpp in Sources */,
				105B2D742B0D946D00256FCA /* PBookMap.cpp in Sources */,
				105B2D272B025A9F00256FCA /* PnclMain.cpp in Sources */,
				105B2D3B2B0C78F700256FCA /* Sbinding.cpp in Sources */,
				105B2D6E2B0D829700256FCA /* Vector1.cpp in Sources */,
				105B2D122AFE637400256FCA /* CounterM.cpp in Sources */,
				105B2D682B0D77B000256FCA /* SwapFunc.cpp in Sources */,
				105B2D2D2B027C3200256FCA /* MyString.cpp in Sources */,
				105B2D202AFF949700256FCA /* Complex1.cpp in Sources */,
				105B2D0C2AFD1C8600256FCA /* ClassAndObject.cpp in Sources */,
			);
			runOnlyForDeploymentPostprocessing = 0;
		};
/* End PBXSourcesBuildPhase section */

/* Begin XCBuildConfiguration section */
		105B2D022AFBADE100256FCA /* Debug */ = {
			isa = XCBuildConfiguration;
			buildSettings = {
				ALWAYS_SEARCH_USER_PATHS = NO;
				CLANG_ANALYZER_NONNULL = YES;
				CLANG_ANALYZER_NUMBER_OBJECT_CONVERSION = YES_AGGRESSIVE;
				CLANG_CXX_LANGUAGE_STANDARD = "gnu++20";
				CLANG_ENABLE_MODULES = YES;
				CLANG_ENABLE_OBJC_ARC = YES;
				CLANG_ENABLE_OBJC_WEAK = YES;
				CLANG_WARN_BLOCK_CAPTURE_AUTORELEASING = YES;
				CLANG_WARN_BOOL_CONVERSION = YES;
				CLANG_WARN_COMMA = YES;
				CLANG_WARN_CONSTANT_CONVERSION = YES;
				CLANG_WARN_DEPRECATED_OBJC_IMPLEMENTATIONS = YES;
				CLANG_WARN_DIRECT_OBJC_ISA_USAGE = YES_ERROR;
				CLANG_WARN_DOCUMENTATION_COMMENTS = YES;
				CLANG_WARN_EMPTY_BODY = YES;
				CLANG_WARN_ENUM_CONVERSION = YES;
				CLANG_WARN_INFINITE_RECURSION = YES;
				CLANG_WARN_INT_CONVERSION = YES;
				CLANG_WARN_NON_LITERAL_NULL_CONVERSION = YES;
				CLANG_WARN_OBJC_IMPLICIT_RETAIN_SELF = YES;
				CLANG_WARN_OBJC_LITERAL_CONVERSION = YES;
				CLANG_WARN_OBJC_ROOT_CLASS = YES_ERROR;
				CLANG_WARN_QUOTED_INCLUDE_IN_FRAMEWORK_HEADER = YES;
				CLANG_WARN_RANGE_LOOP_ANALYSIS = YES;
				CLANG_WARN_STRICT_PROTOTYPES = YES;
				CLANG_WARN_SUSPICIOUS_MOVE = YES;
				CLANG_WARN_UNGUARDED_AVAILABILITY = YES_AGGRESSIVE;
				CLANG_WARN_UNREACHABLE_CODE = YES;
				CLANG_WARN__DUPLICATE_METHOD_MATCH = YES;
				COPY_PHASE_STRIP = NO;
				DEBUG_INFORMATION_FORMAT = dwarf;
				ENABLE_STRICT_OBJC_MSGSEND = YES;
				ENABLE_TESTABILITY = YES;
				GCC_C_LANGUAGE_STANDARD = gnu11;
				GCC_DYNAMIC_NO_PIC = NO;
				GCC_NO_COMMON_BLOCKS = YES;
				GCC_OPTIMIZATION_LEVEL = 0;
				GCC_PREPROCESSOR_DEFINITIONS = (
					"DEBUG=1",
					"$(inherited)",
				);
				GCC_WARN_64_TO_32_BIT_CONVERSION = YES;
				GCC_WARN_ABOUT_RETURN_TYPE = YES_ERROR;
				GCC_WARN_UNDECLARED_SELECTOR = YES;
				GCC_WARN_UNINITIALIZED_AUTOS = YES_AGGRESSIVE;
				GCC_WARN_UNUSED_FUNCTION = YES;
				GCC_WARN_UNUSED_VARIABLE = YES;
				MACOSX_DEPLOYMENT_TARGET = 13.1;
				MTL_ENABLE_DEBUG_INFO = INCLUDE_SOURCE;
				MTL_FAST_MATH = YES;
				ONLY_ACTIVE_ARCH = YES;
				SDKROOT = macosx;
			};
			name = Debug;
		};
		105B2D032AFBADE100256FCA /* Release */ = {
			isa = XCBuildConfiguration;
			buildSettings = {
				ALWAYS_SEARCH_USER_PATHS = NO;
				CLANG_ANALYZER_NONNULL = YES;
				CLANG_ANALYZER_NUMBER_OBJECT_CONVERSION = YES_AGGRESSIVE;
				CLANG_CXX_LANGUAGE_STANDARD = "gnu++20";
				CLANG_ENABLE_MODULES = YES;
				CLANG_ENABLE_OBJC_ARC = YES;
				CLANG_ENABLE_OBJC_WEAK = YES;
				CLANG_WARN_BLOCK_CAPTURE_AUTORELEASING = YES;
				CLANG_WARN_BOOL_CONVERSION = YES;
				CLANG_WARN_COMMA = YES;
				CLANG_WARN_CONSTANT_CONVERSION = YES;
				CLANG_WARN_DEPRECATED_OBJC_IMPLEMENTATIONS = YES;
				CLANG_WARN_DIRECT_OBJC_ISA_USAGE = YES_ERROR;
				CLANG_WARN_DOCUMENTATION_COMMENTS = YES;
				CLANG_WARN_EMPTY_BODY = YES;
				CLANG_WARN_ENUM_CONVERSION = YES;
				CLANG_WARN_INFINITE_RECURSION = YES;
				CLANG_WARN_INT_CONVERSION = YES;
				CLANG_WARN_NON_LITERAL_NULL_CONVERSION = YES;
				CLANG_WARN_OBJC_IMPLICIT_RETAIN_SELF = YES;
				CLANG_WARN_OBJC_LITERAL_CONVERSION = YES;
				CLANG_WARN_OBJC_ROOT_CLASS = YES_ERROR;
				CLANG_WARN_QUOTED_INCLUDE_IN_FRAMEWORK_HEADER = YES;
				CLANG_WARN_RANGE_LOOP_ANALYSIS = YES;
				CLANG_WARN_STRICT_PROTOTYPES = YES;
				CLANG_WARN_SUSPICIOUS_MOVE = YES;
				CLANG_WARN_UNGUARDED_AVAILABILITY = YES_AGGRESSIVE;
				CLANG_WARN_UNREACHABLE_CODE = YES;
				CLANG_WARN__DUPLICATE_METHOD_MATCH = YES;
				COPY_PHASE_STRIP = NO;
				DEBUG_INFORMATION_FORMAT = "dwarf-with-dsym";
				ENABLE_NS_ASSERTIONS = NO;
				ENABLE_STRICT_OBJC_MSGSEND = YES;
				GCC_C_LANGUAGE_STANDARD = gnu11;
				GCC_NO_COMMON_BLOCKS = YES;
				GCC_WARN_64_TO_32_BIT_CONVERSION = YES;
				GCC_WARN_ABOUT_RETURN_TYPE = YES_ERROR;
				GCC_WARN_UNDECLARED_SELECTOR = YES;
				GCC_WARN_UNINITIALIZED_AUTOS = YES_AGGRESSIVE;
				GCC_WARN_UNUSED_FUNCTION = YES;
				GCC_WARN_UNUSED_VARIABLE = YES;
				MACOSX_DEPLOYMENT_TARGET = 13.1;
				MTL_ENABLE_DEBUG_INFO = NO;
				MTL_FAST_MATH = YES;
				SDKROOT = macosx;
			};
			name = Release;
		};
		105B2D052AFBADE100256FCA /* Debug */ = {
			isa = XCBuildConfiguration;
			buildSettings = {
				CODE_SIGN_STYLE = Automatic;
				PRODUCT_NAME = "$(TARGET_NAME)";
			};
			name = Debug;
		};
		105B2D062AFBADE100256FCA /* Release */ = {
			isa = XCBuildConfiguration;
			buildSettings = {
				CODE_SIGN_STYLE = Automatic;
				PRODUCT_NAME = "$(TARGET_NAME)";
			};
			name = Release;
		};
/* End XCBuildConfiguration section */

/* Begin XCConfigurationList section */
		105B2CF82AFBADE100256FCA /* Build configuration list for PBXProject "CppProgramming" */ = {
			isa = XCConfigurationList;
			buildConfigurations = (
				105B2D022AFBADE100256FCA /* Debug */,
				105B2D032AFBADE100256FCA /* Release */,
			);
			defaultConfigurationIsVisible = 0;
			defaultConfigurationName = Release;
		};
		105B2D042AFBADE100256FCA /* Build configuration list for PBXNativeTarget "CppProgramming" */ = {
			isa = XCConfigurationList;
			buildConfigurations = (
				105B2D052AFBADE100256FCA /* Debug */,
				105B2D062AFBADE100256FCA /* Release */,
			);
			defaultConfigurationIsVisible = 0;
			defaultConfigurationName = Release;
		};
/* End XCConfigurationList section */
	};
	rootObject = 105B2CF52AFBADE100256FCA /* Project object */;
}
